
Microsoft Visual Studio Solution File, Format Version 12.00
# Visual Studio Version 17
VisualStudioVersion = 17.4.33103.184
MinimumVisualStudioVersion = 10.0.40219.1
Project("{8BC9CEB8-8B4A-11D0-8D11-00A0C91BC942}") = "postfix", "postfix.vcxproj", "{077D03C2-259A-46C1-BB50-B8055C03C072}"
EndProject
Global
	GlobalSection(SolutionConfigurationPlatforms) = preSolution
		Debug|x64 = Debug|x64
		Debug|x86 = Debug|x86
		Release|x64 = Release|x64
		Release|x86 = Release|x86
	EndGlobalSection
	GlobalSection(ProjectConfigurationPlatforms) = postSolution
		{077D03C2-259A-46C1-BB50-B8055C03C072}.Debug|x64.ActiveCfg = Debug|x64
		{077D03C2-259A-46C1-BB50-B8055C03C072}.Debug|x64.Build.0 = Debug|x64
		{077D03C2-259A-46C1-BB50-B8055C03C072}.Debug|x86.ActiveCfg = Debug|Win32
		{077D03C2-259A-46C1-BB50-B8055C03C072}.Debug|x86.Build.0 = Debug|Win32
		{077D03C2-259A-46C1-BB50-B8055C03C072}.Release|x64.ActiveCfg = Release|x64
		{077D03C2-259A-46C1-BB50-B8055C03C072}.Release|x64.Build.0 = Release|x64
		{077D03C2-259A-46C1-BB50-B8055C03C072}.Release|x86.ActiveCfg = Release|Win32
		{077D03C2-259A-46C1-BB50-B8055C03C072}.Release|x86.Build.0 = Release|Win32
	EndGlobalSection
	GlobalSection(SolutionProperties) = preSolution
		HideSolutionNode = FALSE
	EndGlobalSection
	GlobalSection(ExtensibilityGlobals) = postSolution
		SolutionGuid = {D815DA79-07FE-4B64-8A1F-CC28B3F72A0A}
	EndGlobalSection
EndGlobal
